
Microsoft Visual Studio Solution File, Format Version 12.00
# Visual Studio 15
VisualStudioVersion = 15.0.27428.2043
MinimumVisualStudioVersion = 10.0.40219.1
Project("{FAE04EC0-301F-11D3-BF4B-00C04F79EFBC}") = "majas_darbs", "majas_darbs\majas_darbs.csproj", "{78A7143B-763E-4E8E-A305-C357A242F936}"
EndProject
Global
	GlobalSection(SolutionConfigurationPlatforms) = preSolution
		Debug|Any CPU = Debug|Any CPU
		Release|Any CPU = Release|Any CPU
	EndGlobalSection
	GlobalSection(ProjectConfigurationPlatforms) = postSolution
		{78A7143B-763E-4E8E-A305-C357A242F936}.Debug|Any CPU.ActiveCfg = Debug|Any CPU
		{78A7143B-763E-4E8E-A305-C357A242F936}.Debug|Any CPU.Build.0 = Debug|Any CPU
		{78A7143B-763E-4E8E-A305-C357A242F936}.Release|Any CPU.ActiveCfg = Release|Any CPU
		{78A7143B-763E-4E8E-A305-C357A242F936}.Release|Any CPU.Build.0 = Release|Any CPU
	EndGlobalSection
	GlobalSection(SolutionProperties) = preSolution
		HideSolutionNode = FALSE
	EndGlobalSection
	GlobalSection(ExtensibilityGlobals) = postSolution
		SolutionGuid = {051880A8-423E-46C1-9B4A-38851892C1A8}
	EndGlobalSection
EndGlobal
